
Microsoft Visual Studio Solution File, Format Version 12.00
# Visual Studio Version 17
VisualStudioVersion = 17.14.37027.9 d17.14
MinimumVisualStudioVersion = 10.0.40219.1
Project("{FAE04EC0-301F-11D3-BF4B-00C04F79EFBC}") = "KillerPDF", "KillerPDF.csproj", "{D7AFAEB6-1B7F-41FB-86C5-A5B17169D42F}"
EndProject
Global
	GlobalSection(SolutionConfigurationPlatforms) = preSolution
		Debug|Any CPU = Debug|Any CPU
		Release|Any CPU = Release|Any CPU
	EndGlobalSection
	GlobalSection(ProjectConfigurationPlatforms) = postSolution
		{D7AFAEB6-1B7F-41FB-86C5-A5B17169D42F}.Debug|Any CPU.ActiveCfg = Debug|Any CPU
		{D7AFAEB6-1B7F-41FB-86C5-A5B17169D42F}.Debug|Any CPU.Build.0 = Debug|Any CPU
		{D7AFAEB6-1B7F-41FB-86C5-A5B17169D42F}.Release|Any CPU.ActiveCfg = Release|Any CPU
		{D7AFAEB6-1B7F-41FB-86C5-A5B17169D42F}.Release|Any CPU.Build.0 = Release|Any CPU
	EndGlobalSection
	GlobalSection(SolutionProperties) = preSolution
		HideSolutionNode = FALSE
	EndGlobalSection
	GlobalSection(ExtensibilityGlobals) = postSolution
		SolutionGuid = {45DCC74D-BB06-4D90-8EEE-8FDE7B8AB84E}
	EndGlobalSection
EndGlobal
